
Microsoft Visual Studio Solution File, Format Version 12.00
# Visual Studio Version 17
VisualStudioVersion = 17.14.36310.24
MinimumVisualStudioVersion = 10.0.40219.1
Project("{FAE04EC0-301F-11D3-BF4B-00C04F79EFBC}") = "AxiDataPackages", "AxiDataPackages.csproj", "{53B5E3C1-AA03-44E8-AFD8-50BD412B7ECF}"
EndProject
Global
	GlobalSection(SolutionConfigurationPlatforms) = preSolution
		Debug|Any CPU = Debug|Any CPU
		Debug|x64 = Debug|x64
		Release|Any CPU = Release|Any CPU
		Release|x64 = Release|x64
	EndGlobalSection
	GlobalSection(ProjectConfigurationPlatforms) = postSolution
		{53B5E3C1-AA03-44E8-AFD8-50BD412B7ECF}.Debug|Any CPU.ActiveCfg = Debug|Any CPU
		{53B5E3C1-AA03-44E8-AFD8-50BD412B7ECF}.Debug|Any CPU.Build.0 = Debug|Any CPU
		{53B5E3C1-AA03-44E8-AFD8-50BD412B7ECF}.Debug|x64.ActiveCfg = Debug|Any CPU
		{53B5E3C1-AA03-44E8-AFD8-50BD412B7ECF}.Debug|x64.Build.0 = Debug|Any CPU
		{53B5E3C1-AA03-44E8-AFD8-50BD412B7ECF}.Release|Any CPU.ActiveCfg = Release|Any CPU
		{53B5E3C1-AA03-44E8-AFD8-50BD412B7ECF}.Release|Any CPU.Build.0 = Release|Any CPU
		{53B5E3C1-AA03-44E8-AFD8-50BD412B7ECF}.Release|x64.ActiveCfg = Release|Any CPU
		{53B5E3C1-AA03-44E8-AFD8-50BD412B7ECF}.Release|x64.Build.0 = Release|Any CPU
	EndGlobalSection
	GlobalSection(SolutionProperties) = preSolution
		HideSolutionNode = FALSE
	EndGlobalSection
	GlobalSection(ExtensibilityGlobals) = postSolution
		SolutionGuid = {3E3EA51D-5F68-4208-9E2B-97CABBE3E634}
	EndGlobalSection
EndGlobal
